// !$*UTF8*$!
{
	archiveVersion = 1;
	classes = {
	};
	objectVersion = 52;
	objects = {

/* Begin PBXBuildFile section */
		BF443F1126385A0700A3CC66 /* AppDelegate.swift in Sources */ = {isa = PBXBuildFile; fileRef = BF443F1026385A0700A3CC66 /* AppDelegate.swift */; };
		BF443F1326385A0700A3CC66 /* SceneDelegate.swift in Sources */ = {isa = PBXBuildFile; fileRef = BF443F1226385A0700A3CC66 /* SceneDelegate.swift */; };
		BF443F1526385A0700A3CC66 /* ViewController.swift in Sources */ = {isa = PBXBuildFile; fileRef = BF443F1426385A0700A3CC66 /* ViewController.swift */; };
		BF443F1826385A0700A3CC66 /* Main.storyboard in Resources */ = {isa = PBXBuildFile; fileRef = BF443F1626385A0700A3CC66 /* Main.storyboard */; };
		BF443F1A26385A0E00A3CC66 /* Assets.xcassets in Resources */ = {isa = PBXBuildFile; fileRef = BF443F1926385A0E00A3CC66 /* Assets.xcassets */; };
		BF443F1D26385A0E00A3CC66 /* LaunchScreen.storyboard in Resources */ = {isa = PBXBuildFile; fileRef = BF443F1B26385A0E00A3CC66 /* LaunchScreen.storyboard */; };
		BF443F2726385AE500A3CC66 /* Realm in Frameworks */ = {isa = PBXBuildFile; productRef = BF443F2626385AE500A3CC66 /* Realm */; };
		BF443F2926385AE500A3CC66 /* RealmSwift in Frameworks */ = {isa = PBXBuildFile; productRef = BF443F2826385AE500A3CC66 /* RealmSwift */; };
		BF443F4126386EE300A3CC66 /* TaskTableViewCell.swift in Sources */ = {isa = PBXBuildFile; fileRef = BF443F4026386EE300A3CC66 /* TaskTableViewCell.swift */; };
		BF443F452638865700A3CC66 /* TaskList.swift in Sources */ = {isa = PBXBuildFile; fileRef = BF443F442638865700A3CC66 /* TaskList.swift */; };
/* End PBXBuildFile section */

/* Begin PBXFileReference section */
		BF443F0D26385A0700A3CC66 /* to_do_list_realm.app */ = {isa = PBXFileReference; explicitFileType = wrapper.application; includeInIndex = 0; path = to_do_list_realm.app; sourceTree = BUILT_PRODUCTS_DIR; };
		BF443F1026385A0700A3CC66 /* AppDelegate.swift */ = {isa = PBXFileReference; lastKnownFileType = sourcecode.swift; path = AppDelegate.swift; sourceTree = "<group>"; };
		BF443F1226385A0700A3CC66 /* SceneDelegate.swift */ = {isa = PBXFileReference; lastKnownFileType = sourcecode.swift; path = SceneDelegate.swift; sourceTree = "<group>"; };
		BF443F1426385A0700A3CC66 /* ViewController.swift */ = {isa = PBXFileReference; lastKnownFileType = sourcecode.swift; path = ViewController.swift; sourceTree = "<group>"; };
		BF443F1726385A0700A3CC66 /* Base */ = {isa = PBXFileReference; lastKnownFileType = file.storyboard; name = Base; path = Base.lproj/Main.storyboard; sourceTree = "<group>"; };
		BF443F1926385A0E00A3CC66 /* Assets.xcassets */ = {isa = PBXFileReference; lastKnownFileType = folder.assetcatalog; path = Assets.xcassets; sourceTree = "<group>"; };
		BF443F1C26385A0E00A3CC66 /* Base */ = {isa = PBXFileReference; lastKnownFileType = file.storyboard; name = Base; path = Base.lproj/LaunchScreen.storyboard; sourceTree = "<group>"; };
		BF443F1E26385A0E00A3CC66 /* Info.plist */ = {isa = PBXFileReference; lastKnownFileType = text.plist.xml; path = Info.plist; sourceTree = "<group>"; };
		BF443F4026386EE300A3CC66 /* TaskTableViewCell.swift */ = {isa = PBXFileReference; lastKnownFileType = sourcecode.swift; path = TaskTableViewCell.swift; sourceTree = "<group>"; };
		BF443F442638865700A3CC66 /* TaskList.swift */ = {isa = PBXFileReference; lastKnownFileType = sourcecode.swift; path = TaskList.swift; sourceTree = "<group>"; };
/* End PBXFileReference section */

/* Begin PBXFrameworksBuildPhase section */
		BF443F0A26385A0700A3CC66 /* Frameworks */ = {
			isa = PBXFrameworksBuildPhase;
			buildActionMask = 2147483647;
			files = (
				BF443F2926385AE500A3CC66 /* RealmSwift in Frameworks */,
				BF443F2726385AE500A3CC66 /* Realm in Frameworks */,
			);
			runOnlyForDeploymentPostprocessing = 0;
		};
/* End PBXFrameworksBuildPhase section */

/* Begin PBXGroup section */
		BF443F0426385A0700A3CC66 = {
			isa = PBXGroup;
			children = (
				BF443F0F26385A0700A3CC66 /* to_do_list_realm */,
				BF443F0E26385A0700A3CC66 /* Products */,
			);
			sourceTree = "<group>";
		};
		BF443F0E26385A0700A3CC66 /* Products */ = {
			isa = PBXGroup;
			children = (
				BF443F0D26385A0700A3CC66 /* to_do_list_realm.app */,
			);
			name = Products;
			sourceTree = "<group>";
		};
		BF443F0F26385A0700A3CC66 /* to_do_list_realm */ = {
			isa = PBXGroup;
			children = (
				BF443F4A2638A2F700A3CC66 /* delegates */,
				BF443F4C2638A30000A3CC66 /* controller */,
				BF443F482638A2EB00A3CC66 /* view */,
				BF443F4E2638A31100A3CC66 /* model */,
				BF443F1626385A0700A3CC66 /* Main.storyboard */,
				BF443F1926385A0E00A3CC66 /* Assets.xcassets */,
				BF443F1B26385A0E00A3CC66 /* LaunchScreen.storyboard */,
				BF443F1E26385A0E00A3CC66 /* Info.plist */,
			);
			path = to_do_list_realm;
			sourceTree = "<group>";
		};
		BF443F482638A2EB00A3CC66 /* view */ = {
			isa = PBXGroup;
			children = (
				BF443F4026386EE300A3CC66 /* TaskTableViewCell.swift */,
			);
			path = view;
			sourceTree = "<group>";
		};
		BF443F4A2638A2F700A3CC66 /* delegates */ = {
			isa = PBXGroup;
			children = (
				BF443F1026385A0700A3CC66 /* AppDelegate.swift */,
				BF443F1226385A0700A3CC66 /* SceneDelegate.swift */,
			);
			path = delegates;
			sourceTree = "<group>";
		};
		BF443F4C2638A30000A3CC66 /* controller */ = {
			isa = PBXGroup;
			children = (
				BF443F1426385A0700A3CC66 /* ViewController.swift */,
			);
			path = controller;
			sourceTree = "<group>";
		};
		BF443F4E2638A31100A3CC66 /* model */ = {
			isa = PBXGroup;
			children = (
				BF443F442638865700A3CC66 /* TaskList.swift */,
			);
			path = model;
			sourceTree = "<group>";
		};
/* End PBXGroup section */

/* Begin PBXNativeTarget section */
		BF443F0C26385A0700A3CC66 /* to_do_list_realm */ = {
			isa = PBXNativeTarget;
			buildConfigurationList = BF443F2126385A0E00A3CC66 /* Build configuration list for PBXNativeTarget "to_do_list_realm" */;
			buildPhases = (
				BF443F0926385A0700A3CC66 /* Sources */,
				BF443F0A26385A0700A3CC66 /* Frameworks */,
				BF443F0B26385A0700A3CC66 /* Resources */,
			);
			buildRules = (
			);
			dependencies = (
			);
			name = to_do_list_realm;
			packageProductDependencies = (
				BF443F2626385AE500A3CC66 /* Realm */,
				BF443F2826385AE500A3CC66 /* RealmSwift */,
			);
			productName = to_do_list_realm;
			productReference = BF443F0D26385A0700A3CC66 /* to_do_list_realm.app */;
			productType = "com.apple.product-type.application";
		};
/* End PBXNativeTarget section */

/* Begin PBXProject section */
		BF443F0526385A0700A3CC66 /* Project object */ = {
			isa = PBXProject;
			attributes = {
				LastSwiftUpdateCheck = 1230;
				LastUpgradeCheck = 1230;
				TargetAttributes = {
					BF443F0C26385A0700A3CC66 = {
						CreatedOnToolsVersion = 12.3;
					};
				};
			};
			buildConfigurationList = BF443F0826385A0700A3CC66 /* Build configuration list for PBXProject "to_do_list_realm" */;
			compatibilityVersion = "Xcode 9.3";
			developmentRegion = en;
			hasScannedForEncodings = 0;
			knownRegions = (
				en,
				Base,
			);
			mainGroup = BF443F0426385A0700A3CC66;
			packageReferences = (
				BF443F2526385AE500A3CC66 /* XCRemoteSwiftPackageReference "realm-cocoa" */,
			);
			productRefGroup = BF443F0E26385A0700A3CC66 /* Products */;
			projectDirPath = "";
			projectRoot = "";
			targets = (
				BF443F0C26385A0700A3CC66 /* to_do_list_realm */,
			);
		};
/* End PBXProject section */

/* Begin PBXResourcesBuildPhase section */
		BF443F0B26385A0700A3CC66 /* Resources */ = {
			isa = PBXResourcesBuildPhase;
			buildActionMask = 2147483647;
			files = (
				BF443F1D26385A0E00A3CC66 /* LaunchScreen.storyboard in Resources */,
				BF443F1A26385A0E00A3CC66 /* Assets.xcassets in Resources */,
				BF443F1826385A0700A3CC66 /* Main.storyboard in Resources */,
			);
			runOnlyForDeploymentPostprocessing = 0;
		};
/* End PBXResourcesBuildPhase section */

/* Begin PBXSourcesBuildPhase section */
		BF443F0926385A0700A3CC66 /* Sources */ = {
			isa = PBXSourcesBuildPhase;
			buildActionMask = 2147483647;
			files = (
				BF443F452638865700A3CC66 /* TaskList.swift in Sources */,
				BF443F1526385A0700A3CC66 /* ViewController.swift in Sources */,
				BF443F4126386EE300A3CC66 /* TaskTableViewCell.swift in Sources */,
				BF443F1126385A0700A3CC66 /* AppDelegate.swift in Sources */,
				BF443F1326385A0700A3CC66 /* SceneDelegate.swift in Sources */,
			);
			runOnlyForDeploymentPostprocessing = 0;
		};
/* End PBXSourcesBuildPhase section */

/* Begin PBXVariantGroup section */
		BF443F1626385A0700A3CC66 /* Main.storyboard */ = {
			isa = PBXVariantGroup;
			children = (
				BF443F1726385A0700A3CC66 /* Base */,
			);
			name = Main.storyboard;
			sourceTree = "<group>";
		};
		BF443F1B26385A0E00A3CC66 /* LaunchScreen.storyboard */ = {
			isa = PBXVariantGroup;
			children = (
				BF443F1C26385A0E00A3CC66 /* Base */,
			);
			name = LaunchScreen.storyboard;
			sourceTree = "<group>";
		};
/* End PBXVariantGroup section */

/* Begin XCBuildConfiguration section */
		BF443F1F26385A0E00A3CC66 /* Debug */ = {
			isa = XCBuildConfiguration;
			buildSettings = {
				ALWAYS_SEARCH_USER_PATHS = NO;
				CLANG_ANALYZER_NONNULL = YES;
				CLANG_ANALYZER_NUMBER_OBJECT_CONVERSION = YES_AGGRESSIVE;
				CLANG_CXX_LANGUAGE_STANDARD = "gnu++14";
				CLANG_CXX_LIBRARY = "libc++";
				CLANG_ENABLE_MODULES = YES;
				CLANG_ENABLE_OBJC_ARC = YES;
				CLANG_ENABLE_OBJC_WEAK = YES;
				CLANG_WARN_BLOCK_CAPTURE_AUTORELEASING = YES;
				CLANG_WARN_BOOL_CONVERSION = YES;
				CLANG_WARN_COMMA = YES;
				CLANG_WARN_CONSTANT_CONVERSION = YES;
				CLANG_WARN_DEPRECATED_OBJC_IMPLEMENTATIONS = YES;
				CLANG_WARN_DIRECT_OBJC_ISA_USAGE = YES_ERROR;
				CLANG_WARN_DOCUMENTATION_COMMENTS = YES;
				CLANG_WARN_EMPTY_BODY = YES;
				CLANG_WARN_ENUM_CONVERSION = YES;
				CLANG_WARN_INFINITE_RECURSION = YES;
				CLANG_WARN_INT_CONVERSION = YES;
				CLANG_WARN_NON_LITERAL_NULL_CONVERSION = YES;
				CLANG_WARN_OBJC_IMPLICIT_RETAIN_SELF = YES;
				CLANG_WARN_OBJC_LITERAL_CONVERSION = YES;
				CLANG_WARN_OBJC_ROOT_CLASS = YES_ERROR;
				CLANG_WARN_QUOTED_INCLUDE_IN_FRAMEWORK_HEADER = YES;
				CLANG_WARN_RANGE_LOOP_ANALYSIS = YES;
				CLANG_WARN_STRICT_PROTOTYPES = YES;
				CLANG_WARN_SUSPICIOUS_MOVE = YES;
				CLANG_WARN_UNGUARDED_AVAILABILITY = YES_AGGRESSIVE;
				CLANG_WARN_UNREACHABLE_CODE = YES;
				CLANG_WARN__DUPLICATE_METHOD_MATCH = YES;
				COPY_PHASE_STRIP = NO;
				DEBUG_INFORMATION_FORMAT = dwarf;
				ENABLE_STRICT_OBJC_MSGSEND = YES;
				ENABLE_TESTABILITY = YES;
				GCC_C_LANGUAGE_STANDARD = gnu11;
				GCC_DYNAMIC_NO_PIC = NO;
				GCC_NO_COMMON_BLOCKS = YES;
				GCC_OPTIMIZATION_LEVEL = 0;
				GCC_PREPROCESSOR_DEFINITIONS = (
					"DEBUG=1",
					"$(inherited)",
				);
				GCC_WARN_64_TO_32_BIT_CONVERSION = YES;
				GCC_WARN_ABOUT_RETURN_TYPE = YES_ERROR;
				GCC_WARN_UNDECLARED_SELECTOR = YES;
				GCC_WARN_UNINITIALIZED_AUTOS = YES_AGGRESSIVE;
				GCC_WARN_UNUSED_FUNCTION = YES;
				GCC_WARN_UNUSED_VARIABLE = YES;
				IPHONEOS_DEPLOYMENT_TARGET = 14.3;
				MTL_ENABLE_DEBUG_INFO = INCLUDE_SOURCE;
				MTL_FAST_MATH = YES;
				ONLY_ACTIVE_ARCH = YES;
				SDKROOT = iphoneos;
				SWIFT_ACTIVE_COMPILATION_CONDITIONS = DEBUG;
				SWIFT_OPTIMIZATION_LEVEL = "-Onone";
			};
			name = Debug;
		};
		BF443F2026385A0E00A3CC66 /* Release */ = {
			isa = XCBuildConfiguration;
			buildSettings = {
				ALWAYS_SEARCH_USER_PATHS = NO;
				CLANG_ANALYZER_NONNULL = YES;
				CLANG_ANALYZER_NUMBER_OBJECT_CONVERSION = YES_AGGRESSIVE;
				CLANG_CXX_LANGUAGE_STANDARD = "gnu++14";
				CLANG_CXX_LIBRARY = "libc++";
				CLANG_ENABLE_MODULES = YES;
				CLANG_ENABLE_OBJC_ARC = YES;
				CLANG_ENABLE_OBJC_WEAK = YES;
				CLANG_WARN_BLOCK_CAPTURE_AUTORELEASING = YES;
				CLANG_WARN_BOOL_CONVERSION = YES;
				CLANG_WARN_COMMA = YES;
				CLANG_WARN_CONSTANT_CONVERSION = YES;
				CLANG_WARN_DEPRECATED_OBJC_IMPLEMENTATIONS = YES;
				CLANG_WARN_DIRECT_OBJC_ISA_USAGE = YES_ERROR;
				CLANG_WARN_DOCUMENTATION_COMMENTS = YES;
				CLANG_WARN_EMPTY_BODY = YES;
				CLANG_WARN_ENUM_CONVERSION = YES;
				CLANG_WARN_INFINITE_RECURSION = YES;
				CLANG_WARN_INT_CONVERSION = YES;
				CLANG_WARN_NON_LITERAL_NULL_CONVERSION = YES;
				CLANG_WARN_OBJC_IMPLICIT_RETAIN_SELF = YES;
				CLANG_WARN_OBJC_LITERAL_CONVERSION = YES;
				CLANG_WARN_OBJC_ROOT_CLASS = YES_ERROR;
				CLANG_WARN_QUOTED_INCLUDE_IN_FRAMEWORK_HEADER = YES;
				CLANG_WARN_RANGE_LOOP_ANALYSIS = YES;
				CLANG_WARN_STRICT_PROTOTYPES = YES;
				CLANG_WARN_SUSPICIOUS_MOVE = YES;
				CLANG_WARN_UNGUARDED_AVAILABILITY = YES_AGGRESSIVE;
				CLANG_WARN_UNREACHABLE_CODE = YES;
				CLANG_WARN__DUPLICATE_METHOD_MATCH = YES;
				COPY_PHASE_STRIP = NO;
				DEBUG_INFORMATION_FORMAT = "dwarf-with-dsym";
				ENABLE_NS_ASSERTIONS = NO;
				ENABLE_STRICT_OBJC_MSGSEND = YES;
				GCC_C_LANGUAGE_STANDARD = gnu11;
				GCC_NO_COMMON_BLOCKS = YES;
				GCC_WARN_64_TO_32_BIT_CONVERSION = YES;
				GCC_WARN_ABOUT_RETURN_TYPE = YES_ERROR;
				GCC_WARN_UNDECLARED_SELECTOR = YES;
				GCC_WARN_UNINITIALIZED_AUTOS = YES_AGGRESSIVE;
				GCC_WARN_UNUSED_FUNCTION = YES;
				GCC_WARN_UNUSED_VARIABLE = YES;
				IPHONEOS_DEPLOYMENT_TARGET = 14.3;
				MTL_ENABLE_DEBUG_INFO = NO;
				MTL_FAST_MATH = YES;
				SDKROOT = iphoneos;
				SWIFT_COMPILATION_MODE = wholemodule;
				SWIFT_OPTIMIZATION_LEVEL = "-O";
				VALIDATE_PRODUCT = YES;
			};
			name = Release;
		};
		BF443F2226385A0E00A3CC66 /* Debug */ = {
			isa = XCBuildConfiguration;
			buildSettings = {
				ASSETCATALOG_COMPILER_APPICON_NAME = AppIcon;
				ASSETCATALOG_COMPILER_GLOBAL_ACCENT_COLOR_NAME = AccentColor;
				CODE_SIGN_STYLE = Automatic;
				INFOPLIST_FILE = to_do_list_realm/Info.plist;
				LD_RUNPATH_SEARCH_PATHS = (
					"$(inherited)",
					"@executable_path/Frameworks",
				);
				PRODUCT_BUNDLE_IDENTIFIER = "serbo.to-do-list-realm";
				PRODUCT_NAME = "$(TARGET_NAME)";
				SWIFT_VERSION = 5.0;
				TARGETED_DEVICE_FAMILY = "1,2";
			};
			name = Debug;
		};
		BF443F2326385A0E00A3CC66 /* Release */ = {
			isa = XCBuildConfiguration;
			buildSettings = {
				ASSETCATALOG_COMPILER_APPICON_NAME = AppIcon;
				ASSETCATALOG_COMPILER_GLOBAL_ACCENT_COLOR_NAME = AccentColor;
				CODE_SIGN_STYLE = Automatic;
				INFOPLIST_FILE = to_do_list_realm/Info.plist;
				LD_RUNPATH_SEARCH_PATHS = (
					"$(inherited)",
					"@executable_path/Frameworks",
				);
				PRODUCT_BUNDLE_IDENTIFIER = "serbo.to-do-list-realm";
				PRODUCT_NAME = "$(TARGET_NAME)";
				SWIFT_VERSION = 5.0;
				TARGETED_DEVICE_FAMILY = "1,2";
			};
			name = Release;
		};
/* End XCBuildConfiguration section */

/* Begin XCConfigurationList section */
		BF443F0826385A0700A3CC66 /* Build configuration list for PBXProject "to_do_list_realm" */ = {
			isa = XCConfigurationList;
			buildConfigurations = (
				BF443F1F26385A0E00A3CC66 /* Debug */,
				BF443F2026385A0E00A3CC66 /* Release */,
			);
			defaultConfigurationIsVisible = 0;
			defaultConfigurationName = Release;
		};
		BF443F2126385A0E00A3CC66 /* Build configuration list for PBXNativeTarget "to_do_list_realm" */ = {
			isa = XCConfigurationList;
			buildConfigurations = (
				BF443F2226385A0E00A3CC66 /* Debug */,
				BF443F2326385A0E00A3CC66 /* Release */,
			);
			defaultConfigurationIsVisible = 0;
			defaultConfigurationName = Release;
		};
/* End XCConfigurationList section */

/* Begin XCRemoteSwiftPackageReference section */
		BF443F2526385AE500A3CC66 /* XCRemoteSwiftPackageReference "realm-cocoa" */ = {
			isa = XCRemoteSwiftPackageReference;
			repositoryURL = "https://github.com/realm/realm-cocoa.git";
			requirement = {
				kind = upToNextMajorVersion;
				minimumVersion = 10.7.4;
			};
		};
/* End XCRemoteSwiftPackageReference section */

/* Begin XCSwiftPackageProductDependency section */
		BF443F2626385AE500A3CC66 /* Realm */ = {
			isa = XCSwiftPackageProductDependency;
			package = BF443F2526385AE500A3CC66 /* XCRemoteSwiftPackageReference "realm-cocoa" */;
			productName = Realm;
		};
		BF443F2826385AE500A3CC66 /* RealmSwift */ = {
			isa = XCSwiftPackageProductDependency;
			package = BF443F2526385AE500A3CC66 /* XCRemoteSwiftPackageReference "realm-cocoa" */;
			productName = RealmSwift;
		};
/* End XCSwiftPackageProductDependency section */
	};
	rootObject = BF443F0526385A0700A3CC66 /* Project object */;
}
